
Microsoft Visual Studio Solution File, Format Version 10.00
# Visual Studio 2008
Project("{FAE04EC0-301F-11D3-BF4B-00C04F79EFBC}") = "Tiller.Entities", "Tiller.Entities\Tiller.Entities.csproj", "{9A3D9019-8FFC-4AB8-8A42-680CE500F394}"
EndProject
Global
	GlobalSection(SolutionConfigurationPlatforms) = preSolution
		Debug|Any CPU = Debug|Any CPU
		Release|Any CPU = Release|Any CPU
	EndGlobalSection
	GlobalSection(ProjectConfigurationPlatforms) = postSolution
		{9A3D9019-8FFC-4AB8-8A42-680CE500F394}.Debug|Any CPU.ActiveCfg = Debug|Any CPU
		{9A3D9019-8FFC-4AB8-8A42-680CE500F394}.Debug|Any CPU.Build.0 = Debug|Any CPU
		{9A3D9019-8FFC-4AB8-8A42-680CE500F394}.Release|Any CPU.ActiveCfg = Release|Any CPU
		{9A3D9019-8FFC-4AB8-8A42-680CE500F394}.Release|Any CPU.Build.0 = Release|Any CPU
	EndGlobalSection
	GlobalSection(SolutionProperties) = preSolution
		HideSolutionNode = FALSE
	EndGlobalSection
EndGlobal
